
Microsoft Visual Studio Solution File, Format Version 12.00
# Visual Studio 15
VisualStudioVersion = 15.0.28010.2019
MinimumVisualStudioVersion = 10.0.40219.1
Project("{9A19103F-16F7-4668-BE54-9A1E7A4F7556}") = "Asp.net Core Revsion", "Asp.net Core Revsion\Asp.net Core Revsion.csproj", "{220023B8-26E6-4795-8F53-D3EC468C7121}"
EndProject
Project("{9A19103F-16F7-4668-BE54-9A1E7A4F7556}") = "Extend", "Extend\Extend.csproj", "{19FDE6FB-EA4A-42E0-B2AE-D783269EEA9D}"
EndProject
Project("{FAE04EC0-301F-11D3-BF4B-00C04F79EFBC}") = "NetCoreApiApp", "NetCoreApiApp\NetCoreApiApp.csproj", "{27C0BAE3-0912-48AB-8FBD-179AD0AA61C9}"
EndProject
Global
	GlobalSection(SolutionConfigurationPlatforms) = preSolution
		Debug|Any CPU = Debug|Any CPU
		Release|Any CPU = Release|Any CPU
	EndGlobalSection
	GlobalSection(ProjectConfigurationPlatforms) = postSolution
		{220023B8-26E6-4795-8F53-D3EC468C7121}.Debug|Any CPU.ActiveCfg = Debug|Any CPU
		{220023B8-26E6-4795-8F53-D3EC468C7121}.Debug|Any CPU.Build.0 = Debug|Any CPU
		{220023B8-26E6-4795-8F53-D3EC468C7121}.Release|Any CPU.ActiveCfg = Release|Any CPU
		{220023B8-26E6-4795-8F53-D3EC468C7121}.Release|Any CPU.Build.0 = Release|Any CPU
		{19FDE6FB-EA4A-42E0-B2AE-D783269EEA9D}.Debug|Any CPU.ActiveCfg = Debug|Any CPU
		{19FDE6FB-EA4A-42E0-B2AE-D783269EEA9D}.Debug|Any CPU.Build.0 = Debug|Any CPU
		{19FDE6FB-EA4A-42E0-B2AE-D783269EEA9D}.Release|Any CPU.ActiveCfg = Release|Any CPU
		{19FDE6FB-EA4A-42E0-B2AE-D783269EEA9D}.Release|Any CPU.Build.0 = Release|Any CPU
		{27C0BAE3-0912-48AB-8FBD-179AD0AA61C9}.Debug|Any CPU.ActiveCfg = Debug|Any CPU
		{27C0BAE3-0912-48AB-8FBD-179AD0AA61C9}.Debug|Any CPU.Build.0 = Debug|Any CPU
		{27C0BAE3-0912-48AB-8FBD-179AD0AA61C9}.Release|Any CPU.ActiveCfg = Release|Any CPU
		{27C0BAE3-0912-48AB-8FBD-179AD0AA61C9}.Release|Any CPU.Build.0 = Release|Any CPU
	EndGlobalSection
	GlobalSection(SolutionProperties) = preSolution
		HideSolutionNode = FALSE
	EndGlobalSection
	GlobalSection(ExtensibilityGlobals) = postSolution
		SolutionGuid = {389ED203-A302-4092-8B4B-2C6A50791470}
	EndGlobalSection
EndGlobal
